// !$*UTF8*$!
{
	archiveVersion = 1;
	classes = {
	};
	objectVersion = 50;
	objects = {

/* Begin PBXBuildFile section */
		A0838CB0248778170090A33E /* Style.swift in Sources */ = {isa = PBXBuildFile; fileRef = A0838CAF248778170090A33E /* Style.swift */; };
		A0838CB224877E7F0090A33E /* NavigationUI.swift in Sources */ = {isa = PBXBuildFile; fileRef = A0838CB124877E7F0090A33E /* NavigationUI.swift */; };
		A0BDB3882486B74300B13252 /* AppDelegate.swift in Sources */ = {isa = PBXBuildFile; fileRef = A0BDB3872486B74300B13252 /* AppDelegate.swift */; };
		A0BDB38D2486B74300B13252 /* Main.storyboard in Resources */ = {isa = PBXBuildFile; fileRef = A0BDB38B2486B74300B13252 /* Main.storyboard */; };
		A0BDB38F2486B74400B13252 /* Assets.xcassets in Resources */ = {isa = PBXBuildFile; fileRef = A0BDB38E2486B74400B13252 /* Assets.xcassets */; };
		A0BDB3922486B74400B13252 /* LaunchScreen.storyboard in Resources */ = {isa = PBXBuildFile; fileRef = A0BDB3902486B74400B13252 /* LaunchScreen.storyboard */; };
		A0BDB39D2486B89200B13252 /* CV.swift in Sources */ = {isa = PBXBuildFile; fileRef = A0BDB39C2486B89200B13252 /* CV.swift */; };
		A0BDB39F2486B8AF00B13252 /* Configuration.swift in Sources */ = {isa = PBXBuildFile; fileRef = A0BDB39E2486B8AF00B13252 /* Configuration.swift */; };
		A0BDB3A12486B8D300B13252 /* BackendCommunicator.swift in Sources */ = {isa = PBXBuildFile; fileRef = A0BDB3A02486B8D300B13252 /* BackendCommunicator.swift */; };
		A0BDB3A32486B8E300B13252 /* ExplorationFlow.swift in Sources */ = {isa = PBXBuildFile; fileRef = A0BDB3A22486B8E300B13252 /* ExplorationFlow.swift */; };
		A0BDB3A52486BA2500B13252 /* DefaultExplorationFlow.swift in Sources */ = {isa = PBXBuildFile; fileRef = A0BDB3A42486BA2500B13252 /* DefaultExplorationFlow.swift */; };
		A0BDB3A72486BA9700B13252 /* StandardBackendCommunicator.swift in Sources */ = {isa = PBXBuildFile; fileRef = A0BDB3A62486BA9700B13252 /* StandardBackendCommunicator.swift */; };
		A0BDB3A92486BB1E00B13252 /* Presenter.swift in Sources */ = {isa = PBXBuildFile; fileRef = A0BDB3A82486BB1E00B13252 /* Presenter.swift */; };
		A0BDB3AB2486D7A100B13252 /* BlockUI.swift in Sources */ = {isa = PBXBuildFile; fileRef = A0BDB3AA2486D7A100B13252 /* BlockUI.swift */; };
		A0BDB3AF2486E93200B13252 /* FullWidthCollectionViewController.swift in Sources */ = {isa = PBXBuildFile; fileRef = A0BDB3AE2486E93200B13252 /* FullWidthCollectionViewController.swift */; };
		A0BDB3B12486E95400B13252 /* FullWidthAutosizingCell.swift in Sources */ = {isa = PBXBuildFile; fileRef = A0BDB3B02486E95400B13252 /* FullWidthAutosizingCell.swift */; };
		A0BDB3B32486EFBD00B13252 /* Header.swift in Sources */ = {isa = PBXBuildFile; fileRef = A0BDB3B22486EFBD00B13252 /* Header.swift */; };
		A0BDB3B52486EFC700B13252 /* TextCell.swift in Sources */ = {isa = PBXBuildFile; fileRef = A0BDB3B42486EFC700B13252 /* TextCell.swift */; };
		A0BDB3B72486EFD300B13252 /* ButtonCell.swift in Sources */ = {isa = PBXBuildFile; fileRef = A0BDB3B62486EFD300B13252 /* ButtonCell.swift */; };
/* End PBXBuildFile section */

/* Begin PBXFileReference section */
		A0838CAF248778170090A33E /* Style.swift */ = {isa = PBXFileReference; lastKnownFileType = sourcecode.swift; path = Style.swift; sourceTree = "<group>"; };
		A0838CB124877E7F0090A33E /* NavigationUI.swift */ = {isa = PBXFileReference; lastKnownFileType = sourcecode.swift; path = NavigationUI.swift; sourceTree = "<group>"; };
		A0BDB3842486B74300B13252 /* CVDemo.app */ = {isa = PBXFileReference; explicitFileType = wrapper.application; includeInIndex = 0; path = CVDemo.app; sourceTree = BUILT_PRODUCTS_DIR; };
		A0BDB3872486B74300B13252 /* AppDelegate.swift */ = {isa = PBXFileReference; lastKnownFileType = sourcecode.swift; path = AppDelegate.swift; sourceTree = "<group>"; };
		A0BDB38C2486B74300B13252 /* Base */ = {isa = PBXFileReference; lastKnownFileType = file.storyboard; name = Base; path = Base.lproj/Main.storyboard; sourceTree = "<group>"; };
		A0BDB38E2486B74400B13252 /* Assets.xcassets */ = {isa = PBXFileReference; lastKnownFileType = folder.assetcatalog; path = Assets.xcassets; sourceTree = "<group>"; };
		A0BDB3912486B74400B13252 /* Base */ = {isa = PBXFileReference; lastKnownFileType = file.storyboard; name = Base; path = Base.lproj/LaunchScreen.storyboard; sourceTree = "<group>"; };
		A0BDB3932486B74400B13252 /* Info.plist */ = {isa = PBXFileReference; lastKnownFileType = text.plist.xml; path = Info.plist; sourceTree = "<group>"; };
		A0BDB39C2486B89200B13252 /* CV.swift */ = {isa = PBXFileReference; lastKnownFileType = sourcecode.swift; path = CV.swift; sourceTree = "<group>"; };
		A0BDB39E2486B8AF00B13252 /* Configuration.swift */ = {isa = PBXFileReference; lastKnownFileType = sourcecode.swift; path = Configuration.swift; sourceTree = "<group>"; };
		A0BDB3A02486B8D300B13252 /* BackendCommunicator.swift */ = {isa = PBXFileReference; lastKnownFileType = sourcecode.swift; path = BackendCommunicator.swift; sourceTree = "<group>"; };
		A0BDB3A22486B8E300B13252 /* ExplorationFlow.swift */ = {isa = PBXFileReference; lastKnownFileType = sourcecode.swift; path = ExplorationFlow.swift; sourceTree = "<group>"; };
		A0BDB3A42486BA2500B13252 /* DefaultExplorationFlow.swift */ = {isa = PBXFileReference; lastKnownFileType = sourcecode.swift; path = DefaultExplorationFlow.swift; sourceTree = "<group>"; };
		A0BDB3A62486BA9700B13252 /* StandardBackendCommunicator.swift */ = {isa = PBXFileReference; lastKnownFileType = sourcecode.swift; path = StandardBackendCommunicator.swift; sourceTree = "<group>"; };
		A0BDB3A82486BB1E00B13252 /* Presenter.swift */ = {isa = PBXFileReference; lastKnownFileType = sourcecode.swift; path = Presenter.swift; sourceTree = "<group>"; };
		A0BDB3AA2486D7A100B13252 /* BlockUI.swift */ = {isa = PBXFileReference; lastKnownFileType = sourcecode.swift; path = BlockUI.swift; sourceTree = "<group>"; };
		A0BDB3AE2486E93200B13252 /* FullWidthCollectionViewController.swift */ = {isa = PBXFileReference; lastKnownFileType = sourcecode.swift; path = FullWidthCollectionViewController.swift; sourceTree = "<group>"; };
		A0BDB3B02486E95400B13252 /* FullWidthAutosizingCell.swift */ = {isa = PBXFileReference; lastKnownFileType = sourcecode.swift; path = FullWidthAutosizingCell.swift; sourceTree = "<group>"; };
		A0BDB3B22486EFBD00B13252 /* Header.swift */ = {isa = PBXFileReference; lastKnownFileType = sourcecode.swift; path = Header.swift; sourceTree = "<group>"; };
		A0BDB3B42486EFC700B13252 /* TextCell.swift */ = {isa = PBXFileReference; lastKnownFileType = sourcecode.swift; path = TextCell.swift; sourceTree = "<group>"; };
		A0BDB3B62486EFD300B13252 /* ButtonCell.swift */ = {isa = PBXFileReference; lastKnownFileType = sourcecode.swift; path = ButtonCell.swift; sourceTree = "<group>"; };
/* End PBXFileReference section */

/* Begin PBXFrameworksBuildPhase section */
		A0BDB3812486B74300B13252 /* Frameworks */ = {
			isa = PBXFrameworksBuildPhase;
			buildActionMask = 2147483647;
			files = (
			);
			runOnlyForDeploymentPostprocessing = 0;
		};
/* End PBXFrameworksBuildPhase section */

/* Begin PBXGroup section */
		A0BDB37B2486B74300B13252 = {
			isa = PBXGroup;
			children = (
				A0BDB3862486B74300B13252 /* CVDemo */,
				A0BDB3852486B74300B13252 /* Products */,
			);
			sourceTree = "<group>";
		};
		A0BDB3852486B74300B13252 /* Products */ = {
			isa = PBXGroup;
			children = (
				A0BDB3842486B74300B13252 /* CVDemo.app */,
			);
			name = Products;
			sourceTree = "<group>";
		};
		A0BDB3862486B74300B13252 /* CVDemo */ = {
			isa = PBXGroup;
			children = (
				A0BDB3872486B74300B13252 /* AppDelegate.swift */,
				A0BDB39A2486B7FC00B13252 /* Model */,
				A0BDB3992486B7F200B13252 /* Logic */,
				A0BDB39B2486B80100B13252 /* UI */,
				A0BDB38B2486B74300B13252 /* Main.storyboard */,
				A0BDB38E2486B74400B13252 /* Assets.xcassets */,
				A0BDB3902486B74400B13252 /* LaunchScreen.storyboard */,
				A0BDB3932486B74400B13252 /* Info.plist */,
			);
			path = CVDemo;
			sourceTree = "<group>";
		};
		A0BDB3992486B7F200B13252 /* Logic */ = {
			isa = PBXGroup;
			children = (
				A0BDB39E2486B8AF00B13252 /* Configuration.swift */,
				A0BDB3A02486B8D300B13252 /* BackendCommunicator.swift */,
				A0BDB3A62486BA9700B13252 /* StandardBackendCommunicator.swift */,
				A0BDB3A22486B8E300B13252 /* ExplorationFlow.swift */,
				A0BDB3A42486BA2500B13252 /* DefaultExplorationFlow.swift */,
			);
			path = Logic;
			sourceTree = "<group>";
		};
		A0BDB39A2486B7FC00B13252 /* Model */ = {
			isa = PBXGroup;
			children = (
				A0BDB39C2486B89200B13252 /* CV.swift */,
			);
			path = Model;
			sourceTree = "<group>";
		};
		A0BDB39B2486B80100B13252 /* UI */ = {
			isa = PBXGroup;
			children = (
				A0BDB3A82486BB1E00B13252 /* Presenter.swift */,
				A0838CAF248778170090A33E /* Style.swift */,
				A0838CB124877E7F0090A33E /* NavigationUI.swift */,
				A0BDB3AE2486E93200B13252 /* FullWidthCollectionViewController.swift */,
				A0BDB3B02486E95400B13252 /* FullWidthAutosizingCell.swift */,
				A0BDB3AA2486D7A100B13252 /* BlockUI.swift */,
				A0BDB3B22486EFBD00B13252 /* Header.swift */,
				A0BDB3B42486EFC700B13252 /* TextCell.swift */,
				A0BDB3B62486EFD300B13252 /* ButtonCell.swift */,
			);
			path = UI;
			sourceTree = "<group>";
		};
/* End PBXGroup section */

/* Begin PBXNativeTarget section */
		A0BDB3832486B74300B13252 /* CVDemo */ = {
			isa = PBXNativeTarget;
			buildConfigurationList = A0BDB3962486B74400B13252 /* Build configuration list for PBXNativeTarget "CVDemo" */;
			buildPhases = (
				A0BDB3802486B74300B13252 /* Sources */,
				A0BDB3812486B74300B13252 /* Frameworks */,
				A0BDB3822486B74300B13252 /* Resources */,
			);
			buildRules = (
			);
			dependencies = (
			);
			name = CVDemo;
			productName = CVDemo;
			productReference = A0BDB3842486B74300B13252 /* CVDemo.app */;
			productType = "com.apple.product-type.application";
		};
/* End PBXNativeTarget section */

/* Begin PBXProject section */
		A0BDB37C2486B74300B13252 /* Project object */ = {
			isa = PBXProject;
			attributes = {
				LastSwiftUpdateCheck = 1010;
				LastUpgradeCheck = 1010;
				ORGANIZATIONNAME = "Jan Mazurczak";
				TargetAttributes = {
					A0BDB3832486B74300B13252 = {
						CreatedOnToolsVersion = 10.1;
					};
				};
			};
			buildConfigurationList = A0BDB37F2486B74300B13252 /* Build configuration list for PBXProject "CVDemo" */;
			compatibilityVersion = "Xcode 9.3";
			developmentRegion = en;
			hasScannedForEncodings = 0;
			knownRegions = (
				en,
				Base,
			);
			mainGroup = A0BDB37B2486B74300B13252;
			productRefGroup = A0BDB3852486B74300B13252 /* Products */;
			projectDirPath = "";
			projectRoot = "";
			targets = (
				A0BDB3832486B74300B13252 /* CVDemo */,
			);
		};
/* End PBXProject section */

/* Begin PBXResourcesBuildPhase section */
		A0BDB3822486B74300B13252 /* Resources */ = {
			isa = PBXResourcesBuildPhase;
			buildActionMask = 2147483647;
			files = (
				A0BDB3922486B74400B13252 /* LaunchScreen.storyboard in Resources */,
				A0BDB38F2486B74400B13252 /* Assets.xcassets in Resources */,
				A0BDB38D2486B74300B13252 /* Main.storyboard in Resources */,
			);
			runOnlyForDeploymentPostprocessing = 0;
		};
/* End PBXResourcesBuildPhase section */

/* Begin PBXSourcesBuildPhase section */
		A0BDB3802486B74300B13252 /* Sources */ = {
			isa = PBXSourcesBuildPhase;
			buildActionMask = 2147483647;
			files = (
				A0BDB39F2486B8AF00B13252 /* Configuration.swift in Sources */,
				A0BDB3A72486BA9700B13252 /* StandardBackendCommunicator.swift in Sources */,
				A0BDB3A92486BB1E00B13252 /* Presenter.swift in Sources */,
				A0BDB3AB2486D7A100B13252 /* BlockUI.swift in Sources */,
				A0838CB0248778170090A33E /* Style.swift in Sources */,
				A0BDB3B32486EFBD00B13252 /* Header.swift in Sources */,
				A0BDB3B12486E95400B13252 /* FullWidthAutosizingCell.swift in Sources */,
				A0BDB3A52486BA2500B13252 /* DefaultExplorationFlow.swift in Sources */,
				A0BDB3B52486EFC700B13252 /* TextCell.swift in Sources */,
				A0BDB3AF2486E93200B13252 /* FullWidthCollectionViewController.swift in Sources */,
				A0BDB3A32486B8E300B13252 /* ExplorationFlow.swift in Sources */,
				A0838CB224877E7F0090A33E /* NavigationUI.swift in Sources */,
				A0BDB3A12486B8D300B13252 /* BackendCommunicator.swift in Sources */,
				A0BDB39D2486B89200B13252 /* CV.swift in Sources */,
				A0BDB3882486B74300B13252 /* AppDelegate.swift in Sources */,
				A0BDB3B72486EFD300B13252 /* ButtonCell.swift in Sources */,
			);
			runOnlyForDeploymentPostprocessing = 0;
		};
/* End PBXSourcesBuildPhase section */

/* Begin PBXVariantGroup section */
		A0BDB38B2486B74300B13252 /* Main.storyboard */ = {
			isa = PBXVariantGroup;
			children = (
				A0BDB38C2486B74300B13252 /* Base */,
			);
			name = Main.storyboard;
			sourceTree = "<group>";
		};
		A0BDB3902486B74400B13252 /* LaunchScreen.storyboard */ = {
			isa = PBXVariantGroup;
			children = (
				A0BDB3912486B74400B13252 /* Base */,
			);
			name = LaunchScreen.storyboard;
			sourceTree = "<group>";
		};
/* End PBXVariantGroup section */

/* Begin XCBuildConfiguration section */
		A0BDB3942486B74400B13252 /* Debug */ = {
			isa = XCBuildConfiguration;
			buildSettings = {
				ALWAYS_SEARCH_USER_PATHS = NO;
				CLANG_ANALYZER_NONNULL = YES;
				CLANG_ANALYZER_NUMBER_OBJECT_CONVERSION = YES_AGGRESSIVE;
				CLANG_CXX_LANGUAGE_STANDARD = "gnu++14";
				CLANG_CXX_LIBRARY = "libc++";
				CLANG_ENABLE_MODULES = YES;
				CLANG_ENABLE_OBJC_ARC = YES;
				CLANG_ENABLE_OBJC_WEAK = YES;
				CLANG_WARN_BLOCK_CAPTURE_AUTORELEASING = YES;
				CLANG_WARN_BOOL_CONVERSION = YES;
				CLANG_WARN_COMMA = YES;
				CLANG_WARN_CONSTANT_CONVERSION = YES;
				CLANG_WARN_DEPRECATED_OBJC_IMPLEMENTATIONS = YES;
				CLANG_WARN_DIRECT_OBJC_ISA_USAGE = YES_ERROR;
				CLANG_WARN_DOCUMENTATION_COMMENTS = YES;
				CLANG_WARN_EMPTY_BODY = YES;
				CLANG_WARN_ENUM_CONVERSION = YES;
				CLANG_WARN_INFINITE_RECURSION = YES;
				CLANG_WARN_INT_CONVERSION = YES;
				CLANG_WARN_NON_LITERAL_NULL_CONVERSION = YES;
				CLANG_WARN_OBJC_IMPLICIT_RETAIN_SELF = YES;
				CLANG_WARN_OBJC_LITERAL_CONVERSION = YES;
				CLANG_WARN_OBJC_ROOT_CLASS = YES_ERROR;
				CLANG_WARN_RANGE_LOOP_ANALYSIS = YES;
				CLANG_WARN_STRICT_PROTOTYPES = YES;
				CLANG_WARN_SUSPICIOUS_MOVE = YES;
				CLANG_WARN_UNGUARDED_AVAILABILITY = YES_AGGRESSIVE;
				CLANG_WARN_UNREACHABLE_CODE = YES;
				CLANG_WARN__DUPLICATE_METHOD_MATCH = YES;
				CODE_SIGN_IDENTITY = "iPhone Developer";
				COPY_PHASE_STRIP = NO;
				DEBUG_INFORMATION_FORMAT = dwarf;
				ENABLE_STRICT_OBJC_MSGSEND = YES;
				ENABLE_TESTABILITY = YES;
				GCC_C_LANGUAGE_STANDARD = gnu11;
				GCC_DYNAMIC_NO_PIC = NO;
				GCC_NO_COMMON_BLOCKS = YES;
				GCC_OPTIMIZATION_LEVEL = 0;
				GCC_PREPROCESSOR_DEFINITIONS = (
					"DEBUG=1",
					"$(inherited)",
				);
				GCC_WARN_64_TO_32_BIT_CONVERSION = YES;
				GCC_WARN_ABOUT_RETURN_TYPE = YES_ERROR;
				GCC_WARN_UNDECLARED_SELECTOR = YES;
				GCC_WARN_UNINITIALIZED_AUTOS = YES_AGGRESSIVE;
				GCC_WARN_UNUSED_FUNCTION = YES;
				GCC_WARN_UNUSED_VARIABLE = YES;
				IPHONEOS_DEPLOYMENT_TARGET = 12.1;
				MTL_ENABLE_DEBUG_INFO = INCLUDE_SOURCE;
				MTL_FAST_MATH = YES;
				ONLY_ACTIVE_ARCH = YES;
				SDKROOT = iphoneos;
				SWIFT_ACTIVE_COMPILATION_CONDITIONS = DEBUG;
				SWIFT_OPTIMIZATION_LEVEL = "-Onone";
			};
			name = Debug;
		};
		A0BDB3952486B74400B13252 /* Release */ = {
			isa = XCBuildConfiguration;
			buildSettings = {
				ALWAYS_SEARCH_USER_PATHS = NO;
				CLANG_ANALYZER_NONNULL = YES;
				CLANG_ANALYZER_NUMBER_OBJECT_CONVERSION = YES_AGGRESSIVE;
				CLANG_CXX_LANGUAGE_STANDARD = "gnu++14";
				CLANG_CXX_LIBRARY = "libc++";
				CLANG_ENABLE_MODULES = YES;
				CLANG_ENABLE_OBJC_ARC = YES;
				CLANG_ENABLE_OBJC_WEAK = YES;
				CLANG_WARN_BLOCK_CAPTURE_AUTORELEASING = YES;
				CLANG_WARN_BOOL_CONVERSION = YES;
				CLANG_WARN_COMMA = YES;
				CLANG_WARN_CONSTANT_CONVERSION = YES;
				CLANG_WARN_DEPRECATED_OBJC_IMPLEMENTATIONS = YES;
				CLANG_WARN_DIRECT_OBJC_ISA_USAGE = YES_ERROR;
				CLANG_WARN_DOCUMENTATION_COMMENTS = YES;
				CLANG_WARN_EMPTY_BODY = YES;
				CLANG_WARN_ENUM_CONVERSION = YES;
				CLANG_WARN_INFINITE_RECURSION = YES;
				CLANG_WARN_INT_CONVERSION = YES;
				CLANG_WARN_NON_LITERAL_NULL_CONVERSION = YES;
				CLANG_WARN_OBJC_IMPLICIT_RETAIN_SELF = YES;
				CLANG_WARN_OBJC_LITERAL_CONVERSION = YES;
				CLANG_WARN_OBJC_ROOT_CLASS = YES_ERROR;
				CLANG_WARN_RANGE_LOOP_ANALYSIS = YES;
				CLANG_WARN_STRICT_PROTOTYPES = YES;
				CLANG_WARN_SUSPICIOUS_MOVE = YES;
				CLANG_WARN_UNGUARDED_AVAILABILITY = YES_AGGRESSIVE;
				CLANG_WARN_UNREACHABLE_CODE = YES;
				CLANG_WARN__DUPLICATE_METHOD_MATCH = YES;
				CODE_SIGN_IDENTITY = "iPhone Developer";
				COPY_PHASE_STRIP = NO;
				DEBUG_INFORMATION_FORMAT = "dwarf-with-dsym";
				ENABLE_NS_ASSERTIONS = NO;
				ENABLE_STRICT_OBJC_MSGSEND = YES;
				GCC_C_LANGUAGE_STANDARD = gnu11;
				GCC_NO_COMMON_BLOCKS = YES;
				GCC_WARN_64_TO_32_BIT_CONVERSION = YES;
				GCC_WARN_ABOUT_RETURN_TYPE = YES_ERROR;
				GCC_WARN_UNDECLARED_SELECTOR = YES;
				GCC_WARN_UNINITIALIZED_AUTOS = YES_AGGRESSIVE;
				GCC_WARN_UNUSED_FUNCTION = YES;
				GCC_WARN_UNUSED_VARIABLE = YES;
				IPHONEOS_DEPLOYMENT_TARGET = 12.1;
				MTL_ENABLE_DEBUG_INFO = NO;
				MTL_FAST_MATH = YES;
				SDKROOT = iphoneos;
				SWIFT_COMPILATION_MODE = wholemodule;
				SWIFT_OPTIMIZATION_LEVEL = "-O";
				VALIDATE_PRODUCT = YES;
			};
			name = Release;
		};
		A0BDB3972486B74400B13252 /* Debug */ = {
			isa = XCBuildConfiguration;
			buildSettings = {
				ASSETCATALOG_COMPILER_APPICON_NAME = AppIcon;
				CODE_SIGN_STYLE = Automatic;
				DEVELOPMENT_TEAM = 92YDFR4366;
				INFOPLIST_FILE = CVDemo/Info.plist;
				IPHONEOS_DEPLOYMENT_TARGET = 12.0;
				LD_RUNPATH_SEARCH_PATHS = (
					"$(inherited)",
					"@executable_path/Frameworks",
				);
				PRODUCT_BUNDLE_IDENTIFIER = pl.janmazurczak.CVDemo;
				PRODUCT_NAME = "$(TARGET_NAME)";
				SWIFT_VERSION = 4.2;
				TARGETED_DEVICE_FAMILY = "1,2";
			};
			name = Debug;
		};
		A0BDB3982486B74400B13252 /* Release */ = {
			isa = XCBuildConfiguration;
			buildSettings = {
				ASSETCATALOG_COMPILER_APPICON_NAME = AppIcon;
				CODE_SIGN_STYLE = Automatic;
				DEVELOPMENT_TEAM = 92YDFR4366;
				INFOPLIST_FILE = CVDemo/Info.plist;
				IPHONEOS_DEPLOYMENT_TARGET = 12.0;
				LD_RUNPATH_SEARCH_PATHS = (
					"$(inherited)",
					"@executable_path/Frameworks",
				);
				PRODUCT_BUNDLE_IDENTIFIER = pl.janmazurczak.CVDemo;
				PRODUCT_NAME = "$(TARGET_NAME)";
				SWIFT_VERSION = 4.2;
				TARGETED_DEVICE_FAMILY = "1,2";
			};
			name = Release;
		};
/* End XCBuildConfiguration section */

/* Begin XCConfigurationList section */
		A0BDB37F2486B74300B13252 /* Build configuration list for PBXProject "CVDemo" */ = {
			isa = XCConfigurationList;
			buildConfigurations = (
				A0BDB3942486B74400B13252 /* Debug */,
				A0BDB3952486B74400B13252 /* Release */,
			);
			defaultConfigurationIsVisible = 0;
			defaultConfigurationName = Release;
		};
		A0BDB3962486B74400B13252 /* Build configuration list for PBXNativeTarget "CVDemo" */ = {
			isa = XCConfigurationList;
			buildConfigurations = (
				A0BDB3972486B74400B13252 /* Debug */,
				A0BDB3982486B74400B13252 /* Release */,
			);
			defaultConfigurationIsVisible = 0;
			defaultConfigurationName = Release;
		};
/* End XCConfigurationList section */
	};
	rootObject = A0BDB37C2486B74300B13252 /* Project object */;
}
